// !$*UTF8*$!
{
	archiveVersion = 1;
	classes = {
	};
	objectVersion = 50;
	objects = {

/* Begin PBXBuildFile section */
		4E24B59D20A14BC3001273E2 /* demo1.txt in Resources */ = {isa = PBXBuildFile; fileRef = 4E24B59220A14BC2001273E2 /* demo1.txt */; };
		4E24B59E20A14BC3001273E2 /* Credits.xml in Resources */ = {isa = PBXBuildFile; fileRef = 4E24B59320A14BC2001273E2 /* Credits.xml */; };
		4E24B59F20A14BC3001273E2 /* Features.xml in Resources */ = {isa = PBXBuildFile; fileRef = 4E24B59420A14BC3001273E2 /* Features.xml */; };
		4E24B5A020A14BC3001273E2 /* US Founding Docs.xml in Resources */ = {isa = PBXBuildFile; fileRef = 4E24B59520A14BC3001273E2 /* US Founding Docs.xml */; };
		4E24B5A120A14BC3001273E2 /* demo2.txt in Resources */ = {isa = PBXBuildFile; fileRef = 4E24B59620A14BC3001273E2 /* demo2.txt */; };
		4E24B5A220A14BC3001273E2 /* FrameDrawing.xml in Resources */ = {isa = PBXBuildFile; fileRef = 4E24B59720A14BC3001273E2 /* FrameDrawing.xml */; };
		4E24B5A320A14BC3001273E2 /* Article.xml in Resources */ = {isa = PBXBuildFile; fileRef = 4E24B59820A14BC3001273E2 /* Article.xml */; };
		4E24B5A420A14BC3001273E2 /* NSAttributedString Reference.xml in Resources */ = {isa = PBXBuildFile; fileRef = 4E24B59920A14BC3001273E2 /* NSAttributedString Reference.xml */; };
		4E24B5A520A14BC3001273E2 /* demo.txt in Resources */ = {isa = PBXBuildFile; fileRef = 4E24B59A20A14BC3001273E2 /* demo.txt */; };
		4E24B5A620A14BC3001273E2 /* Splash.xml in Resources */ = {isa = PBXBuildFile; fileRef = 4E24B59B20A14BC3001273E2 /* Splash.xml */; };
		4E24B5A720A14BC3001273E2 /* Splash.png in Resources */ = {isa = PBXBuildFile; fileRef = 4E24B59C20A14BC3001273E2 /* Splash.png */; };
		4E24B5AD20A14BEF001273E2 /* VeraMoIt.ttf in Resources */ = {isa = PBXBuildFile; fileRef = 4E24B5A920A14BEF001273E2 /* VeraMoIt.ttf */; };
		4E24B5AE20A14BEF001273E2 /* VeraMono.ttf in Resources */ = {isa = PBXBuildFile; fileRef = 4E24B5AA20A14BEF001273E2 /* VeraMono.ttf */; };
		4E24B5AF20A14BEF001273E2 /* VeraMoBd.ttf in Resources */ = {isa = PBXBuildFile; fileRef = 4E24B5AB20A14BEF001273E2 /* VeraMoBd.ttf */; };
		4E24B5B020A14BEF001273E2 /* VeraMoBI.ttf in Resources */ = {isa = PBXBuildFile; fileRef = 4E24B5AC20A14BEF001273E2 /* VeraMoBI.ttf */; };
		4E24B5B820A14C26001273E2 /* 006.png in Resources */ = {isa = PBXBuildFile; fileRef = 4E24B5B220A14C26001273E2 /* 006.png */; };
		4E24B5B920A14C26001273E2 /* 003.gif in Resources */ = {isa = PBXBuildFile; fileRef = 4E24B5B320A14C26001273E2 /* 003.gif */; };
		4E24B5BA20A14C26001273E2 /* 005.gif in Resources */ = {isa = PBXBuildFile; fileRef = 4E24B5B420A14C26001273E2 /* 005.gif */; };
		4E24B5BB20A14C26001273E2 /* 004.gif in Resources */ = {isa = PBXBuildFile; fileRef = 4E24B5B520A14C26001273E2 /* 004.gif */; };
		4E24B5BC20A14C26001273E2 /* 001.gif in Resources */ = {isa = PBXBuildFile; fileRef = 4E24B5B620A14C26001273E2 /* 001.gif */; };
		4E24B5BD20A14C26001273E2 /* 002.gif in Resources */ = {isa = PBXBuildFile; fileRef = 4E24B5B720A14C26001273E2 /* 002.gif */; };
		4E24B5BF20A15627001273E2 /* CoreTextDemoViewController.swift in Sources */ = {isa = PBXBuildFile; fileRef = 4E24B5BE20A15627001273E2 /* CoreTextDemoViewController.swift */; };
		4E3F6C8620B056570039B946 /* String+Pinyin.swift in Sources */ = {isa = PBXBuildFile; fileRef = 4E3F6C8520B056570039B946 /* String+Pinyin.swift */; };
		4E58DECD20B2609A000B501F /* VerticalTextView.swift in Sources */ = {isa = PBXBuildFile; fileRef = 4E58DECC20B2609A000B501F /* VerticalTextView.swift */; };
		4E82FAC420AD19E500C80EDA /* SelectionView.swift in Sources */ = {isa = PBXBuildFile; fileRef = 4E82FAC320AD19E500C80EDA /* SelectionView.swift */; };
		4EA1606120A1491800A4E3F5 /* CTSelectionView.swift in Sources */ = {isa = PBXBuildFile; fileRef = 4EA1605C20A1491800A4E3F5 /* CTSelectionView.swift */; };
		4EA1606220A1491800A4E3F5 /* DemoData.swift in Sources */ = {isa = PBXBuildFile; fileRef = 4EA1605D20A1491800A4E3F5 /* DemoData.swift */; };
		4EA1606320A1491800A4E3F5 /* CTView.swift in Sources */ = {isa = PBXBuildFile; fileRef = 4EA1605E20A1491800A4E3F5 /* CTView.swift */; };
		4EA1606420A1491800A4E3F5 /* TextParser.swift in Sources */ = {isa = PBXBuildFile; fileRef = 4EA1605F20A1491800A4E3F5 /* TextParser.swift */; };
		4EA1606520A1491800A4E3F5 /* LayoutDemoView.swift in Sources */ = {isa = PBXBuildFile; fileRef = 4EA1606020A1491800A4E3F5 /* LayoutDemoView.swift */; };
		4EA1606A20A1493500A4E3F5 /* CoreTextView.swift in Sources */ = {isa = PBXBuildFile; fileRef = 4EA1606620A1493500A4E3F5 /* CoreTextView.swift */; };
		4EA1606B20A1493500A4E3F5 /* PagerView.swift in Sources */ = {isa = PBXBuildFile; fileRef = 4EA1606720A1493500A4E3F5 /* PagerView.swift */; };
		4EA1606C20A1493500A4E3F5 /* SamplesViewController.swift in Sources */ = {isa = PBXBuildFile; fileRef = 4EA1606820A1493500A4E3F5 /* SamplesViewController.swift */; };
		4EA1606D20A1493500A4E3F5 /* AttributedStringDoc.swift in Sources */ = {isa = PBXBuildFile; fileRef = 4EA1606920A1493500A4E3F5 /* AttributedStringDoc.swift */; };
		4EBD635920B4438A008B9C6C /* LYTextView.swift in Sources */ = {isa = PBXBuildFile; fileRef = 4EBD635820B4438A008B9C6C /* LYTextView.swift */; };
		4EBD635B20B45366008B9C6C /* LYTextViewController.swift in Sources */ = {isa = PBXBuildFile; fileRef = 4EBD635A20B45366008B9C6C /* LYTextViewController.swift */; };
		4EC1051A20A1475F00AE51F1 /* AppDelegate.swift in Sources */ = {isa = PBXBuildFile; fileRef = 4EC1051920A1475F00AE51F1 /* AppDelegate.swift */; };
		4EC1051C20A1475F00AE51F1 /* ViewController.swift in Sources */ = {isa = PBXBuildFile; fileRef = 4EC1051B20A1475F00AE51F1 /* ViewController.swift */; };
		4EC1051F20A1475F00AE51F1 /* Main.storyboard in Resources */ = {isa = PBXBuildFile; fileRef = 4EC1051D20A1475F00AE51F1 /* Main.storyboard */; };
		4EC1052120A1476100AE51F1 /* Assets.xcassets in Resources */ = {isa = PBXBuildFile; fileRef = 4EC1052020A1476100AE51F1 /* Assets.xcassets */; };
		4EC1052420A1476100AE51F1 /* LaunchScreen.storyboard in Resources */ = {isa = PBXBuildFile; fileRef = 4EC1052220A1476100AE51F1 /* LaunchScreen.storyboard */; };
/* End PBXBuildFile section */

/* Begin PBXFileReference section */
		4E24B59220A14BC2001273E2 /* demo1.txt */ = {isa = PBXFileReference; fileEncoding = 4; lastKnownFileType = text; path = demo1.txt; sourceTree = "<group>"; };
		4E24B59320A14BC2001273E2 /* Credits.xml */ = {isa = PBXFileReference; fileEncoding = 4; lastKnownFileType = text.xml; path = Credits.xml; sourceTree = "<group>"; };
		4E24B59420A14BC3001273E2 /* Features.xml */ = {isa = PBXFileReference; fileEncoding = 4; lastKnownFileType = text.xml; path = Features.xml; sourceTree = "<group>"; };
		4E24B59520A14BC3001273E2 /* US Founding Docs.xml */ = {isa = PBXFileReference; fileEncoding = 4; lastKnownFileType = text.xml; path = "US Founding Docs.xml"; sourceTree = "<group>"; };
		4E24B59620A14BC3001273E2 /* demo2.txt */ = {isa = PBXFileReference; fileEncoding = 4; lastKnownFileType = text; path = demo2.txt; sourceTree = "<group>"; };
		4E24B59720A14BC3001273E2 /* FrameDrawing.xml */ = {isa = PBXFileReference; fileEncoding = 4; lastKnownFileType = text.xml; path = FrameDrawing.xml; sourceTree = "<group>"; };
		4E24B59820A14BC3001273E2 /* Article.xml */ = {isa = PBXFileReference; fileEncoding = 4; lastKnownFileType = text.xml; path = Article.xml; sourceTree = "<group>"; };
		4E24B59920A14BC3001273E2 /* NSAttributedString Reference.xml */ = {isa = PBXFileReference; fileEncoding = 4; lastKnownFileType = text.xml; path = "NSAttributedString Reference.xml"; sourceTree = "<group>"; };
		4E24B59A20A14BC3001273E2 /* demo.txt */ = {isa = PBXFileReference; fileEncoding = 4; lastKnownFileType = text; path = demo.txt; sourceTree = "<group>"; };
		4E24B59B20A14BC3001273E2 /* Splash.xml */ = {isa = PBXFileReference; fileEncoding = 4; lastKnownFileType = text.xml; path = Splash.xml; sourceTree = "<group>"; };
		4E24B59C20A14BC3001273E2 /* Splash.png */ = {isa = PBXFileReference; lastKnownFileType = image.png; path = Splash.png; sourceTree = "<group>"; };
		4E24B5A920A14BEF001273E2 /* VeraMoIt.ttf */ = {isa = PBXFileReference; lastKnownFileType = file; path = VeraMoIt.ttf; sourceTree = "<group>"; };
		4E24B5AA20A14BEF001273E2 /* VeraMono.ttf */ = {isa = PBXFileReference; lastKnownFileType = file; path = VeraMono.ttf; sourceTree = "<group>"; };
		4E24B5AB20A14BEF001273E2 /* VeraMoBd.ttf */ = {isa = PBXFileReference; lastKnownFileType = file; path = VeraMoBd.ttf; sourceTree = "<group>"; };
		4E24B5AC20A14BEF001273E2 /* VeraMoBI.ttf */ = {isa = PBXFileReference; lastKnownFileType = file; path = VeraMoBI.ttf; sourceTree = "<group>"; };
		4E24B5B220A14C26001273E2 /* 006.png */ = {isa = PBXFileReference; lastKnownFileType = image.png; path = 006.png; sourceTree = "<group>"; };
		4E24B5B320A14C26001273E2 /* 003.gif */ = {isa = PBXFileReference; lastKnownFileType = image.gif; path = 003.gif; sourceTree = "<group>"; };
		4E24B5B420A14C26001273E2 /* 005.gif */ = {isa = PBXFileReference; lastKnownFileType = image.gif; path = 005.gif; sourceTree = "<group>"; };
		4E24B5B520A14C26001273E2 /* 004.gif */ = {isa = PBXFileReference; lastKnownFileType = image.gif; path = 004.gif; sourceTree = "<group>"; };
		4E24B5B620A14C26001273E2 /* 001.gif */ = {isa = PBXFileReference; lastKnownFileType = image.gif; path = 001.gif; sourceTree = "<group>"; };
		4E24B5B720A14C26001273E2 /* 002.gif */ = {isa = PBXFileReference; lastKnownFileType = image.gif; path = 002.gif; sourceTree = "<group>"; };
		4E24B5BE20A15627001273E2 /* CoreTextDemoViewController.swift */ = {isa = PBXFileReference; lastKnownFileType = sourcecode.swift; path = CoreTextDemoViewController.swift; sourceTree = "<group>"; };
		4E3F6C8520B056570039B946 /* String+Pinyin.swift */ = {isa = PBXFileReference; lastKnownFileType = sourcecode.swift; path = "String+Pinyin.swift"; sourceTree = "<group>"; };
		4E58DECC20B2609A000B501F /* VerticalTextView.swift */ = {isa = PBXFileReference; lastKnownFileType = sourcecode.swift; path = VerticalTextView.swift; sourceTree = "<group>"; };
		4E82FAC320AD19E500C80EDA /* SelectionView.swift */ = {isa = PBXFileReference; lastKnownFileType = sourcecode.swift; path = SelectionView.swift; sourceTree = "<group>"; };
		4EA1605C20A1491800A4E3F5 /* CTSelectionView.swift */ = {isa = PBXFileReference; fileEncoding = 4; lastKnownFileType = sourcecode.swift; name = CTSelectionView.swift; path = "Text Classes/CTSelectionView.swift"; sourceTree = "<group>"; };
		4EA1605D20A1491800A4E3F5 /* DemoData.swift */ = {isa = PBXFileReference; fileEncoding = 4; lastKnownFileType = sourcecode.swift; name = DemoData.swift; path = "Text Classes/DemoData.swift"; sourceTree = "<group>"; };
		4EA1605E20A1491800A4E3F5 /* CTView.swift */ = {isa = PBXFileReference; fileEncoding = 4; lastKnownFileType = sourcecode.swift; name = CTView.swift; path = "Text Classes/CTView.swift"; sourceTree = "<group>"; };
		4EA1605F20A1491800A4E3F5 /* TextParser.swift */ = {isa = PBXFileReference; fileEncoding = 4; lastKnownFileType = sourcecode.swift; name = TextParser.swift; path = "Text Classes/TextParser.swift"; sourceTree = "<group>"; };
		4EA1606020A1491800A4E3F5 /* LayoutDemoView.swift */ = {isa = PBXFileReference; fileEncoding = 4; lastKnownFileType = sourcecode.swift; name = LayoutDemoView.swift; path = "Text Classes/LayoutDemoView.swift"; sourceTree = "<group>"; };
		4EA1606620A1493500A4E3F5 /* CoreTextView.swift */ = {isa = PBXFileReference; fileEncoding = 4; lastKnownFileType = sourcecode.swift; path = CoreTextView.swift; sourceTree = "<group>"; };
		4EA1606720A1493500A4E3F5 /* PagerView.swift */ = {isa = PBXFileReference; fileEncoding = 4; lastKnownFileType = sourcecode.swift; path = PagerView.swift; sourceTree = "<group>"; };
		4EA1606820A1493500A4E3F5 /* SamplesViewController.swift */ = {isa = PBXFileReference; fileEncoding = 4; lastKnownFileType = sourcecode.swift; path = SamplesViewController.swift; sourceTree = "<group>"; };
		4EA1606920A1493500A4E3F5 /* AttributedStringDoc.swift */ = {isa = PBXFileReference; fileEncoding = 4; lastKnownFileType = sourcecode.swift; path = AttributedStringDoc.swift; sourceTree = "<group>"; };
		4EBD635820B4438A008B9C6C /* LYTextView.swift */ = {isa = PBXFileReference; lastKnownFileType = sourcecode.swift; path = LYTextView.swift; sourceTree = "<group>"; };
		4EBD635A20B45366008B9C6C /* LYTextViewController.swift */ = {isa = PBXFileReference; lastKnownFileType = sourcecode.swift; path = LYTextViewController.swift; sourceTree = "<group>"; };
		4EC1051620A1475F00AE51F1 /* VerticalTextPagerView.app */ = {isa = PBXFileReference; explicitFileType = wrapper.application; includeInIndex = 0; path = VerticalTextPagerView.app; sourceTree = BUILT_PRODUCTS_DIR; };
		4EC1051920A1475F00AE51F1 /* AppDelegate.swift */ = {isa = PBXFileReference; lastKnownFileType = sourcecode.swift; path = AppDelegate.swift; sourceTree = "<group>"; };
		4EC1051B20A1475F00AE51F1 /* ViewController.swift */ = {isa = PBXFileReference; lastKnownFileType = sourcecode.swift; path = ViewController.swift; sourceTree = "<group>"; };
		4EC1051E20A1475F00AE51F1 /* Base */ = {isa = PBXFileReference; lastKnownFileType = file.storyboard; name = Base; path = Base.lproj/Main.storyboard; sourceTree = "<group>"; };
		4EC1052020A1476100AE51F1 /* Assets.xcassets */ = {isa = PBXFileReference; lastKnownFileType = folder.assetcatalog; path = Assets.xcassets; sourceTree = "<group>"; };
		4EC1052320A1476100AE51F1 /* Base */ = {isa = PBXFileReference; lastKnownFileType = file.storyboard; name = Base; path = Base.lproj/LaunchScreen.storyboard; sourceTree = "<group>"; };
		4EC1052520A1476100AE51F1 /* Info.plist */ = {isa = PBXFileReference; lastKnownFileType = text.plist.xml; path = Info.plist; sourceTree = "<group>"; };
/* End PBXFileReference section */

/* Begin PBXFrameworksBuildPhase section */
		4EC1051320A1475F00AE51F1 /* Frameworks */ = {
			isa = PBXFrameworksBuildPhase;
			buildActionMask = 2147483647;
			files = (
			);
			runOnlyForDeploymentPostprocessing = 0;
		};
/* End PBXFrameworksBuildPhase section */

/* Begin PBXGroup section */
		4E24B59120A14B67001273E2 /* Resources */ = {
			isa = PBXGroup;
			children = (
				4E24B5B120A14BFD001273E2 /* Images */,
				4E24B5A820A14BD3001273E2 /* Fonts */,
				4E24B59820A14BC3001273E2 /* Article.xml */,
				4E24B59320A14BC2001273E2 /* Credits.xml */,
				4E24B59A20A14BC3001273E2 /* demo.txt */,
				4E24B59220A14BC2001273E2 /* demo1.txt */,
				4E24B59620A14BC3001273E2 /* demo2.txt */,
				4E24B59420A14BC3001273E2 /* Features.xml */,
				4E24B59720A14BC3001273E2 /* FrameDrawing.xml */,
				4E24B59920A14BC3001273E2 /* NSAttributedString Reference.xml */,
				4E24B59C20A14BC3001273E2 /* Splash.png */,
				4E24B59B20A14BC3001273E2 /* Splash.xml */,
				4E24B59520A14BC3001273E2 /* US Founding Docs.xml */,
			);
			path = Resources;
			sourceTree = "<group>";
		};
		4E24B5A820A14BD3001273E2 /* Fonts */ = {
			isa = PBXGroup;
			children = (
				4E24B5AB20A14BEF001273E2 /* VeraMoBd.ttf */,
				4E24B5AC20A14BEF001273E2 /* VeraMoBI.ttf */,
				4E24B5A920A14BEF001273E2 /* VeraMoIt.ttf */,
				4E24B5AA20A14BEF001273E2 /* VeraMono.ttf */,
			);
			path = Fonts;
			sourceTree = "<group>";
		};
		4E24B5B120A14BFD001273E2 /* Images */ = {
			isa = PBXGroup;
			children = (
				4E24B5B620A14C26001273E2 /* 001.gif */,
				4E24B5B720A14C26001273E2 /* 002.gif */,
				4E24B5B320A14C26001273E2 /* 003.gif */,
				4E24B5B520A14C26001273E2 /* 004.gif */,
				4E24B5B420A14C26001273E2 /* 005.gif */,
				4E24B5B220A14C26001273E2 /* 006.png */,
			);
			path = Images;
			sourceTree = "<group>";
		};
		4EC1050D20A1475F00AE51F1 = {
			isa = PBXGroup;
			children = (
				4EC1051820A1475F00AE51F1 /* VerticalTextPagerView */,
				4EC1051720A1475F00AE51F1 /* Products */,
			);
			sourceTree = "<group>";
		};
		4EC1051720A1475F00AE51F1 /* Products */ = {
			isa = PBXGroup;
			children = (
				4EC1051620A1475F00AE51F1 /* VerticalTextPagerView.app */,
			);
			name = Products;
			sourceTree = "<group>";
		};
		4EC1051820A1475F00AE51F1 /* VerticalTextPagerView */ = {
			isa = PBXGroup;
			children = (
				4EC1051B20A1475F00AE51F1 /* ViewController.swift */,
				4EA1606820A1493500A4E3F5 /* SamplesViewController.swift */,
				4E24B5BE20A15627001273E2 /* CoreTextDemoViewController.swift */,
				4EBD635A20B45366008B9C6C /* LYTextViewController.swift */,
				4EA1606920A1493500A4E3F5 /* AttributedStringDoc.swift */,
				4EA1606720A1493500A4E3F5 /* PagerView.swift */,
				4EA1606620A1493500A4E3F5 /* CoreTextView.swift */,
				4EC1051D20A1475F00AE51F1 /* Main.storyboard */,
				4EC1052C20A1489500AE51F1 /* Text Classes */,
				4EC1052B20A1477200AE51F1 /* Supporting Files */,
				4E24B59120A14B67001273E2 /* Resources */,
			);
			path = VerticalTextPagerView;
			sourceTree = "<group>";
		};
		4EC1052B20A1477200AE51F1 /* Supporting Files */ = {
			isa = PBXGroup;
			children = (
				4EC1051920A1475F00AE51F1 /* AppDelegate.swift */,
				4EC1052020A1476100AE51F1 /* Assets.xcassets */,
				4EC1052220A1476100AE51F1 /* LaunchScreen.storyboard */,
				4EC1052520A1476100AE51F1 /* Info.plist */,
			);
			name = "Supporting Files";
			sourceTree = "<group>";
		};
		4EC1052C20A1489500AE51F1 /* Text Classes */ = {
			isa = PBXGroup;
			children = (
				4EBD635820B4438A008B9C6C /* LYTextView.swift */,
				4EA1605C20A1491800A4E3F5 /* CTSelectionView.swift */,
				4E82FAC320AD19E500C80EDA /* SelectionView.swift */,
				4EA1605E20A1491800A4E3F5 /* CTView.swift */,
				4EA1606020A1491800A4E3F5 /* LayoutDemoView.swift */,
				4EA1605D20A1491800A4E3F5 /* DemoData.swift */,
				4EA1605F20A1491800A4E3F5 /* TextParser.swift */,
				4E3F6C8520B056570039B946 /* String+Pinyin.swift */,
				4E58DECC20B2609A000B501F /* VerticalTextView.swift */,
			);
			name = "Text Classes";
			sourceTree = "<group>";
		};
/* End PBXGroup section */

/* Begin PBXNativeTarget section */
		4EC1051520A1475F00AE51F1 /* VerticalTextPagerView */ = {
			isa = PBXNativeTarget;
			buildConfigurationList = 4EC1052820A1476100AE51F1 /* Build configuration list for PBXNativeTarget "VerticalTextPagerView" */;
			buildPhases = (
				4EC1051220A1475F00AE51F1 /* Sources */,
				4EC1051320A1475F00AE51F1 /* Frameworks */,
				4EC1051420A1475F00AE51F1 /* Resources */,
			);
			buildRules = (
			);
			dependencies = (
			);
			name = VerticalTextPagerView;
			productName = VerticalTextPagerView;
			productReference = 4EC1051620A1475F00AE51F1 /* VerticalTextPagerView.app */;
			productType = "com.apple.product-type.application";
		};
/* End PBXNativeTarget section */

/* Begin PBXProject section */
		4EC1050E20A1475F00AE51F1 /* Project object */ = {
			isa = PBXProject;
			attributes = {
				LastSwiftUpdateCheck = 0930;
				LastUpgradeCheck = 0930;
				ORGANIZATIONNAME = "Leray Lanusiv";
				TargetAttributes = {
					4EC1051520A1475F00AE51F1 = {
						CreatedOnToolsVersion = 9.3;
					};
				};
			};
			buildConfigurationList = 4EC1051120A1475F00AE51F1 /* Build configuration list for PBXProject "VerticalTextPagerView" */;
			compatibilityVersion = "Xcode 9.3";
			developmentRegion = en;
			hasScannedForEncodings = 0;
			knownRegions = (
				en,
				Base,
			);
			mainGroup = 4EC1050D20A1475F00AE51F1;
			productRefGroup = 4EC1051720A1475F00AE51F1 /* Products */;
			projectDirPath = "";
			projectRoot = "";
			targets = (
				4EC1051520A1475F00AE51F1 /* VerticalTextPagerView */,
			);
		};
/* End PBXProject section */

/* Begin PBXResourcesBuildPhase section */
		4EC1051420A1475F00AE51F1 /* Resources */ = {
			isa = PBXResourcesBuildPhase;
			buildActionMask = 2147483647;
			files = (
				4EC1052420A1476100AE51F1 /* LaunchScreen.storyboard in Resources */,
				4E24B59D20A14BC3001273E2 /* demo1.txt in Resources */,
				4E24B5AD20A14BEF001273E2 /* VeraMoIt.ttf in Resources */,
				4E24B5BC20A14C26001273E2 /* 001.gif in Resources */,
				4E24B5A320A14BC3001273E2 /* Article.xml in Resources */,
				4E24B5A220A14BC3001273E2 /* FrameDrawing.xml in Resources */,
				4E24B5BB20A14C26001273E2 /* 004.gif in Resources */,
				4EC1052120A1476100AE51F1 /* Assets.xcassets in Resources */,
				4EC1051F20A1475F00AE51F1 /* Main.storyboard in Resources */,
				4E24B59F20A14BC3001273E2 /* Features.xml in Resources */,
				4E24B5A520A14BC3001273E2 /* demo.txt in Resources */,
				4E24B5BA20A14C26001273E2 /* 005.gif in Resources */,
				4E24B5AF20A14BEF001273E2 /* VeraMoBd.ttf in Resources */,
				4E24B5A020A14BC3001273E2 /* US Founding Docs.xml in Resources */,
				4E24B5B020A14BEF001273E2 /* VeraMoBI.ttf in Resources */,
				4E24B5A120A14BC3001273E2 /* demo2.txt in Resources */,
				4E24B5A720A14BC3001273E2 /* Splash.png in Resources */,
				4E24B5B920A14C26001273E2 /* 003.gif in Resources */,
				4E24B5A620A14BC3001273E2 /* Splash.xml in Resources */,
				4E24B59E20A14BC3001273E2 /* Credits.xml in Resources */,
				4E24B5A420A14BC3001273E2 /* NSAttributedString Reference.xml in Resources */,
				4E24B5BD20A14C26001273E2 /* 002.gif in Resources */,
				4E24B5AE20A14BEF001273E2 /* VeraMono.ttf in Resources */,
				4E24B5B820A14C26001273E2 /* 006.png in Resources */,
			);
			runOnlyForDeploymentPostprocessing = 0;
		};
/* End PBXResourcesBuildPhase section */

/* Begin PBXSourcesBuildPhase section */
		4EC1051220A1475F00AE51F1 /* Sources */ = {
			isa = PBXSourcesBuildPhase;
			buildActionMask = 2147483647;
			files = (
				4EBD635B20B45366008B9C6C /* LYTextViewController.swift in Sources */,
				4EBD635920B4438A008B9C6C /* LYTextView.swift in Sources */,
				4EA1606320A1491800A4E3F5 /* CTView.swift in Sources */,
				4EA1606420A1491800A4E3F5 /* TextParser.swift in Sources */,
				4E82FAC420AD19E500C80EDA /* SelectionView.swift in Sources */,
				4EA1606C20A1493500A4E3F5 /* SamplesViewController.swift in Sources */,
				4EA1606220A1491800A4E3F5 /* DemoData.swift in Sources */,
				4EA1606520A1491800A4E3F5 /* LayoutDemoView.swift in Sources */,
				4E58DECD20B2609A000B501F /* VerticalTextView.swift in Sources */,
				4EA1606120A1491800A4E3F5 /* CTSelectionView.swift in Sources */,
				4E3F6C8620B056570039B946 /* String+Pinyin.swift in Sources */,
				4EC1051C20A1475F00AE51F1 /* ViewController.swift in Sources */,
				4EA1606A20A1493500A4E3F5 /* CoreTextView.swift in Sources */,
				4EA1606B20A1493500A4E3F5 /* PagerView.swift in Sources */,
				4EA1606D20A1493500A4E3F5 /* AttributedStringDoc.swift in Sources */,
				4E24B5BF20A15627001273E2 /* CoreTextDemoViewController.swift in Sources */,
				4EC1051A20A1475F00AE51F1 /* AppDelegate.swift in Sources */,
			);
			runOnlyForDeploymentPostprocessing = 0;
		};
/* End PBXSourcesBuildPhase section */

/* Begin PBXVariantGroup section */
		4EC1051D20A1475F00AE51F1 /* Main.storyboard */ = {
			isa = PBXVariantGroup;
			children = (
				4EC1051E20A1475F00AE51F1 /* Base */,
			);
			name = Main.storyboard;
			sourceTree = "<group>";
		};
		4EC1052220A1476100AE51F1 /* LaunchScreen.storyboard */ = {
			isa = PBXVariantGroup;
			children = (
				4EC1052320A1476100AE51F1 /* Base */,
			);
			name = LaunchScreen.storyboard;
			sourceTree = "<group>";
		};
/* End PBXVariantGroup section */

/* Begin XCBuildConfiguration section */
		4EC1052620A1476100AE51F1 /* Debug */ = {
			isa = XCBuildConfiguration;
			buildSettings = {
				ALWAYS_SEARCH_USER_PATHS = NO;
				CLANG_ANALYZER_NONNULL = YES;
				CLANG_ANALYZER_NUMBER_OBJECT_CONVERSION = YES_AGGRESSIVE;
				CLANG_CXX_LANGUAGE_STANDARD = "gnu++14";
				CLANG_CXX_LIBRARY = "libc++";
				CLANG_ENABLE_MODULES = YES;
				CLANG_ENABLE_OBJC_ARC = YES;
				CLANG_ENABLE_OBJC_WEAK = YES;
				CLANG_WARN_BLOCK_CAPTURE_AUTORELEASING = YES;
				CLANG_WARN_BOOL_CONVERSION = YES;
				CLANG_WARN_COMMA = YES;
				CLANG_WARN_CONSTANT_CONVERSION = YES;
				CLANG_WARN_DEPRECATED_OBJC_IMPLEMENTATIONS = YES;
				CLANG_WARN_DIRECT_OBJC_ISA_USAGE = YES_ERROR;
				CLANG_WARN_DOCUMENTATION_COMMENTS = YES;
				CLANG_WARN_EMPTY_BODY = YES;
				CLANG_WARN_ENUM_CONVERSION = YES;
				CLANG_WARN_INFINITE_RECURSION = YES;
				CLANG_WARN_INT_CONVERSION = YES;
				CLANG_WARN_NON_LITERAL_NULL_CONVERSION = YES;
				CLANG_WARN_OBJC_IMPLICIT_RETAIN_SELF = YES;
				CLANG_WARN_OBJC_LITERAL_CONVERSION = YES;
				CLANG_WARN_OBJC_ROOT_CLASS = YES_ERROR;
				CLANG_WARN_RANGE_LOOP_ANALYSIS = YES;
				CLANG_WARN_STRICT_PROTOTYPES = YES;
				CLANG_WARN_SUSPICIOUS_MOVE = YES;
				CLANG_WARN_UNGUARDED_AVAILABILITY = YES_AGGRESSIVE;
				CLANG_WARN_UNREACHABLE_CODE = YES;
				CLANG_WARN__DUPLICATE_METHOD_MATCH = YES;
				CODE_SIGN_IDENTITY = "iPhone Developer";
				COPY_PHASE_STRIP = NO;
				DEBUG_INFORMATION_FORMAT = dwarf;
				ENABLE_STRICT_OBJC_MSGSEND = YES;
				ENABLE_TESTABILITY = YES;
				GCC_C_LANGUAGE_STANDARD = gnu11;
				GCC_DYNAMIC_NO_PIC = NO;
				GCC_NO_COMMON_BLOCKS = YES;
				GCC_OPTIMIZATION_LEVEL = 0;
				GCC_PREPROCESSOR_DEFINITIONS = (
					"DEBUG=1",
					"$(inherited)",
				);
				GCC_WARN_64_TO_32_BIT_CONVERSION = YES;
				GCC_WARN_ABOUT_RETURN_TYPE = YES_ERROR;
				GCC_WARN_UNDECLARED_SELECTOR = YES;
				GCC_WARN_UNINITIALIZED_AUTOS = YES_AGGRESSIVE;
				GCC_WARN_UNUSED_FUNCTION = YES;
				GCC_WARN_UNUSED_VARIABLE = YES;
				IPHONEOS_DEPLOYMENT_TARGET = 11.3;
				MTL_ENABLE_DEBUG_INFO = YES;
				ONLY_ACTIVE_ARCH = YES;
				SDKROOT = iphoneos;
				SWIFT_ACTIVE_COMPILATION_CONDITIONS = DEBUG;
				SWIFT_OPTIMIZATION_LEVEL = "-Onone";
			};
			name = Debug;
		};
		4EC1052720A1476100AE51F1 /* Release */ = {
			isa = XCBuildConfiguration;
			buildSettings = {
				ALWAYS_SEARCH_USER_PATHS = NO;
				CLANG_ANALYZER_NONNULL = YES;
				CLANG_ANALYZER_NUMBER_OBJECT_CONVERSION = YES_AGGRESSIVE;
				CLANG_CXX_LANGUAGE_STANDARD = "gnu++14";
				CLANG_CXX_LIBRARY = "libc++";
				CLANG_ENABLE_MODULES = YES;
				CLANG_ENABLE_OBJC_ARC = YES;
				CLANG_ENABLE_OBJC_WEAK = YES;
				CLANG_WARN_BLOCK_CAPTURE_AUTORELEASING = YES;
				CLANG_WARN_BOOL_CONVERSION = YES;
				CLANG_WARN_COMMA = YES;
				CLANG_WARN_CONSTANT_CONVERSION = YES;
				CLANG_WARN_DEPRECATED_OBJC_IMPLEMENTATIONS = YES;
				CLANG_WARN_DIRECT_OBJC_ISA_USAGE = YES_ERROR;
				CLANG_WARN_DOCUMENTATION_COMMENTS = YES;
				CLANG_WARN_EMPTY_BODY = YES;
				CLANG_WARN_ENUM_CONVERSION = YES;
				CLANG_WARN_INFINITE_RECURSION = YES;
				CLANG_WARN_INT_CONVERSION = YES;
				CLANG_WARN_NON_LITERAL_NULL_CONVERSION = YES;
				CLANG_WARN_OBJC_IMPLICIT_RETAIN_SELF = YES;
				CLANG_WARN_OBJC_LITERAL_CONVERSION = YES;
				CLANG_WARN_OBJC_ROOT_CLASS = YES_ERROR;
				CLANG_WARN_RANGE_LOOP_ANALYSIS = YES;
				CLANG_WARN_STRICT_PROTOTYPES = YES;
				CLANG_WARN_SUSPICIOUS_MOVE = YES;
				CLANG_WARN_UNGUARDED_AVAILABILITY = YES_AGGRESSIVE;
				CLANG_WARN_UNREACHABLE_CODE = YES;
				CLANG_WARN__DUPLICATE_METHOD_MATCH = YES;
				CODE_SIGN_IDENTITY = "iPhone Developer";
				COPY_PHASE_STRIP = NO;
				DEBUG_INFORMATION_FORMAT = "dwarf-with-dsym";
				ENABLE_NS_ASSERTIONS = NO;
				ENABLE_STRICT_OBJC_MSGSEND = YES;
				GCC_C_LANGUAGE_STANDARD = gnu11;
				GCC_NO_COMMON_BLOCKS = YES;
				GCC_WARN_64_TO_32_BIT_CONVERSION = YES;
				GCC_WARN_ABOUT_RETURN_TYPE = YES_ERROR;
				GCC_WARN_UNDECLARED_SELECTOR = YES;
				GCC_WARN_UNINITIALIZED_AUTOS = YES_AGGRESSIVE;
				GCC_WARN_UNUSED_FUNCTION = YES;
				GCC_WARN_UNUSED_VARIABLE = YES;
				IPHONEOS_DEPLOYMENT_TARGET = 11.3;
				MTL_ENABLE_DEBUG_INFO = NO;
				SDKROOT = iphoneos;
				SWIFT_COMPILATION_MODE = wholemodule;
				SWIFT_OPTIMIZATION_LEVEL = "-O";
				VALIDATE_PRODUCT = YES;
			};
			name = Release;
		};
		4EC1052920A1476100AE51F1 /* Debug */ = {
			isa = XCBuildConfiguration;
			buildSettings = {
				ASSETCATALOG_COMPILER_APPICON_NAME = AppIcon;
				CODE_SIGN_STYLE = Automatic;
				INFOPLIST_FILE = VerticalTextPagerView/Info.plist;
				LD_RUNPATH_SEARCH_PATHS = (
					"$(inherited)",
					"@executable_path/Frameworks",
				);
				PRODUCT_BUNDLE_IDENTIFIER = Alphasun.VerticalTextPagerView;
				PRODUCT_NAME = "$(TARGET_NAME)";
				SWIFT_VERSION = 4.0;
				TARGETED_DEVICE_FAMILY = "1,2";
			};
			name = Debug;
		};
		4EC1052A20A1476100AE51F1 /* Release */ = {
			isa = XCBuildConfiguration;
			buildSettings = {
				ASSETCATALOG_COMPILER_APPICON_NAME = AppIcon;
				CODE_SIGN_STYLE = Automatic;
				INFOPLIST_FILE = VerticalTextPagerView/Info.plist;
				LD_RUNPATH_SEARCH_PATHS = (
					"$(inherited)",
					"@executable_path/Frameworks",
				);
				PRODUCT_BUNDLE_IDENTIFIER = Alphasun.VerticalTextPagerView;
				PRODUCT_NAME = "$(TARGET_NAME)";
				SWIFT_VERSION = 4.0;
				TARGETED_DEVICE_FAMILY = "1,2";
			};
			name = Release;
		};
/* End XCBuildConfiguration section */

/* Begin XCConfigurationList section */
		4EC1051120A1475F00AE51F1 /* Build configuration list for PBXProject "VerticalTextPagerView" */ = {
			isa = XCConfigurationList;
			buildConfigurations = (
				4EC1052620A1476100AE51F1 /* Debug */,
				4EC1052720A1476100AE51F1 /* Release */,
			);
			defaultConfigurationIsVisible = 0;
			defaultConfigurationName = Release;
		};
		4EC1052820A1476100AE51F1 /* Build configuration list for PBXNativeTarget "VerticalTextPagerView" */ = {
			isa = XCConfigurationList;
			buildConfigurations = (
				4EC1052920A1476100AE51F1 /* Debug */,
				4EC1052A20A1476100AE51F1 /* Release */,
			);
			defaultConfigurationIsVisible = 0;
			defaultConfigurationName = Release;
		};
/* End XCConfigurationList section */
	};
	rootObject = 4EC1050E20A1475F00AE51F1 /* Project object */;
}
